
Microsoft Visual Studio Solution File, Format Version 12.00
# Visual Studio Version 17
VisualStudioVersion = 17.13.35931.197
MinimumVisualStudioVersion = 10.0.40219.1
Project("{FAE04EC0-301F-11D3-BF4B-00C04F79EFBC}") = "GestionFlotas", "GestionFlotas\GestionFlotas.csproj", "{B400BE2A-3DBA-41B9-95E6-DC38B4A09D49}"
EndProject
Project("{FAE04EC0-301F-11D3-BF4B-00C04F79EFBC}") = "DatosMastro.Api", "DatosMastro.Api\DatosMastro.Api.csproj", "{4AA75D96-1332-4F48-9B4F-0EED4BA8AD8E}"
EndProject
Project("{FAE04EC0-301F-11D3-BF4B-00C04F79EFBC}") = "Gestionflotas.API.Consumer", "Gestionflotas.API.Consumer\Gestionflotas.API.Consumer.csproj", "{155E564D-D485-4CA9-9F01-A3DB0840173C}"
EndProject
Project("{FAE04EC0-301F-11D3-BF4B-00C04F79EFBC}") = "GestionFlotas.MVC", "GestionFlotas.MVC\GestionFlotas.MVC.csproj", "{2B4548FD-4BFF-4EF5-BDD4-E443D0B24B81}"
EndProject
Global
	GlobalSection(SolutionConfigurationPlatforms) = preSolution
		Debug|Any CPU = Debug|Any CPU
		Release|Any CPU = Release|Any CPU
	EndGlobalSection
	GlobalSection(ProjectConfigurationPlatforms) = postSolution
		{B400BE2A-3DBA-41B9-95E6-DC38B4A09D49}.Debug|Any CPU.ActiveCfg = Debug|Any CPU
		{B400BE2A-3DBA-41B9-95E6-DC38B4A09D49}.Debug|Any CPU.Build.0 = Debug|Any CPU
		{B400BE2A-3DBA-41B9-95E6-DC38B4A09D49}.Release|Any CPU.ActiveCfg = Release|Any CPU
		{B400BE2A-3DBA-41B9-95E6-DC38B4A09D49}.Release|Any CPU.Build.0 = Release|Any CPU
		{4AA75D96-1332-4F48-9B4F-0EED4BA8AD8E}.Debug|Any CPU.ActiveCfg = Debug|Any CPU
		{4AA75D96-1332-4F48-9B4F-0EED4BA8AD8E}.Debug|Any CPU.Build.0 = Debug|Any CPU
		{4AA75D96-1332-4F48-9B4F-0EED4BA8AD8E}.Release|Any CPU.ActiveCfg = Release|Any CPU
		{4AA75D96-1332-4F48-9B4F-0EED4BA8AD8E}.Release|Any CPU.Build.0 = Release|Any CPU
		{155E564D-D485-4CA9-9F01-A3DB0840173C}.Debug|Any CPU.ActiveCfg = Debug|Any CPU
		{155E564D-D485-4CA9-9F01-A3DB0840173C}.Debug|Any CPU.Build.0 = Debug|Any CPU
		{155E564D-D485-4CA9-9F01-A3DB0840173C}.Release|Any CPU.ActiveCfg = Release|Any CPU
		{155E564D-D485-4CA9-9F01-A3DB0840173C}.Release|Any CPU.Build.0 = Release|Any CPU
		{2B4548FD-4BFF-4EF5-BDD4-E443D0B24B81}.Debug|Any CPU.ActiveCfg = Debug|Any CPU
		{2B4548FD-4BFF-4EF5-BDD4-E443D0B24B81}.Debug|Any CPU.Build.0 = Debug|Any CPU
		{2B4548FD-4BFF-4EF5-BDD4-E443D0B24B81}.Release|Any CPU.ActiveCfg = Release|Any CPU
		{2B4548FD-4BFF-4EF5-BDD4-E443D0B24B81}.Release|Any CPU.Build.0 = Release|Any CPU
	EndGlobalSection
	GlobalSection(SolutionProperties) = preSolution
		HideSolutionNode = FALSE
	EndGlobalSection
	GlobalSection(ExtensibilityGlobals) = postSolution
		SolutionGuid = {D807F413-0A06-4FBB-AE8B-37B0FAD66BA1}
	EndGlobalSection
EndGlobal
